
Microsoft Visual Studio Solution File, Format Version 12.00
# Visual Studio Version 17
VisualStudioVersion = 17.3.32929.385
MinimumVisualStudioVersion = 10.0.40219.1
Project("{FAE04EC0-301F-11D3-BF4B-00C04F79EFBC}") = "Urna_Eletronica", "Urna_Eletronica\Urna_Eletronica.csproj", "{68A77C3F-25F2-400A-8785-7554BA82DF3D}"
EndProject
Global
	GlobalSection(SolutionConfigurationPlatforms) = preSolution
		Debug|Any CPU = Debug|Any CPU
		Release|Any CPU = Release|Any CPU
	EndGlobalSection
	GlobalSection(ProjectConfigurationPlatforms) = postSolution
		{68A77C3F-25F2-400A-8785-7554BA82DF3D}.Debug|Any CPU.ActiveCfg = Debug|Any CPU
		{68A77C3F-25F2-400A-8785-7554BA82DF3D}.Debug|Any CPU.Build.0 = Debug|Any CPU
		{68A77C3F-25F2-400A-8785-7554BA82DF3D}.Release|Any CPU.ActiveCfg = Release|Any CPU
		{68A77C3F-25F2-400A-8785-7554BA82DF3D}.Release|Any CPU.Build.0 = Release|Any CPU
	EndGlobalSection
	GlobalSection(SolutionProperties) = preSolution
		HideSolutionNode = FALSE
	EndGlobalSection
	GlobalSection(ExtensibilityGlobals) = postSolution
		SolutionGuid = {C9549526-2854-4EB1-B2F3-E8A50CB11D8B}
	EndGlobalSection
EndGlobal
